
Microsoft Visual Studio Solution File, Format Version 12.00
# Visual Studio Version 17
VisualStudioVersion = 17.11.35312.102
MinimumVisualStudioVersion = 10.0.40219.1
Project("{9A19103F-16F7-4668-BE54-9A1E7A4F7556}") = "Assiginment", "Assiginment.csproj", "{F70AA1C1-59F1-48F2-8E3D-B310956B28CB}"
EndProject
Global
	GlobalSection(SolutionConfigurationPlatforms) = preSolution
		Debug|Any CPU = Debug|Any CPU
		Release|Any CPU = Release|Any CPU
	EndGlobalSection
	GlobalSection(ProjectConfigurationPlatforms) = postSolution
		{F70AA1C1-59F1-48F2-8E3D-B310956B28CB}.Debug|Any CPU.ActiveCfg = Debug|Any CPU
		{F70AA1C1-59F1-48F2-8E3D-B310956B28CB}.Debug|Any CPU.Build.0 = Debug|Any CPU
		{F70AA1C1-59F1-48F2-8E3D-B310956B28CB}.Release|Any CPU.ActiveCfg = Release|Any CPU
		{F70AA1C1-59F1-48F2-8E3D-B310956B28CB}.Release|Any CPU.Build.0 = Release|Any CPU
	EndGlobalSection
	GlobalSection(SolutionProperties) = preSolution
		HideSolutionNode = FALSE
	EndGlobalSection
	GlobalSection(ExtensibilityGlobals) = postSolution
		SolutionGuid = {1C7E53AA-1B15-4BBA-9A4B-3E854372EE65}
	EndGlobalSection
EndGlobal
